// !$*UTF8*$!
{
	archiveVersion = 1;
	classes = {
	};
	objectVersion = 55;
	objects = {

/* Begin PBXBuildFile section */
		5C4E26B1287C5E2A00ACE4CB /* GobGobApp.swift in Sources */ = {isa = PBXBuildFile; fileRef = 5C4E26B0287C5E2A00ACE4CB /* GobGobApp.swift */; };
		5C4E26B3287C5E2A00ACE4CB /* ContentView.swift in Sources */ = {isa = PBXBuildFile; fileRef = 5C4E26B2287C5E2A00ACE4CB /* ContentView.swift */; };
		5C4E26B5287C5E2B00ACE4CB /* Assets.xcassets in Resources */ = {isa = PBXBuildFile; fileRef = 5C4E26B4287C5E2B00ACE4CB /* Assets.xcassets */; };
		5C4E26B8287C5E2B00ACE4CB /* Preview Assets.xcassets in Resources */ = {isa = PBXBuildFile; fileRef = 5C4E26B7287C5E2B00ACE4CB /* Preview Assets.xcassets */; };
		5CB0C67128803F1B004CBFD8 /* Piece.swift in Sources */ = {isa = PBXBuildFile; fileRef = 5CB0C67028803F1B004CBFD8 /* Piece.swift */; };
		5CB0C67328803F34004CBFD8 /* PieceList.swift in Sources */ = {isa = PBXBuildFile; fileRef = 5CB0C67228803F34004CBFD8 /* PieceList.swift */; };
		5CB0C67528803F40004CBFD8 /* Size.swift in Sources */ = {isa = PBXBuildFile; fileRef = 5CB0C67428803F40004CBFD8 /* Size.swift */; };
		5CB0C67728803F6A004CBFD8 /* Camp.swift in Sources */ = {isa = PBXBuildFile; fileRef = 5CB0C67628803F6A004CBFD8 /* Camp.swift */; };
		5CB0C67928803FD4004CBFD8 /* GobGobModel.swift in Sources */ = {isa = PBXBuildFile; fileRef = 5CB0C67828803FD4004CBFD8 /* GobGobModel.swift */; };
		5CB0C67B28804024004CBFD8 /* HandModel.swift in Sources */ = {isa = PBXBuildFile; fileRef = 5CB0C67A28804024004CBFD8 /* HandModel.swift */; };
/* End PBXBuildFile section */

/* Begin PBXFileReference section */
		5C4E26AD287C5E2A00ACE4CB /* GobGob.app */ = {isa = PBXFileReference; explicitFileType = wrapper.application; includeInIndex = 0; path = GobGob.app; sourceTree = BUILT_PRODUCTS_DIR; };
		5C4E26B0287C5E2A00ACE4CB /* GobGobApp.swift */ = {isa = PBXFileReference; lastKnownFileType = sourcecode.swift; path = GobGobApp.swift; sourceTree = "<group>"; };
		5C4E26B2287C5E2A00ACE4CB /* ContentView.swift */ = {isa = PBXFileReference; lastKnownFileType = sourcecode.swift; path = ContentView.swift; sourceTree = "<group>"; };
		5C4E26B4287C5E2B00ACE4CB /* Assets.xcassets */ = {isa = PBXFileReference; lastKnownFileType = folder.assetcatalog; path = Assets.xcassets; sourceTree = "<group>"; };
		5C4E26B7287C5E2B00ACE4CB /* Preview Assets.xcassets */ = {isa = PBXFileReference; lastKnownFileType = folder.assetcatalog; path = "Preview Assets.xcassets"; sourceTree = "<group>"; };
		5CB0C67028803F1B004CBFD8 /* Piece.swift */ = {isa = PBXFileReference; lastKnownFileType = sourcecode.swift; path = Piece.swift; sourceTree = "<group>"; };
		5CB0C67228803F34004CBFD8 /* PieceList.swift */ = {isa = PBXFileReference; lastKnownFileType = sourcecode.swift; path = PieceList.swift; sourceTree = "<group>"; };
		5CB0C67428803F40004CBFD8 /* Size.swift */ = {isa = PBXFileReference; lastKnownFileType = sourcecode.swift; path = Size.swift; sourceTree = "<group>"; };
		5CB0C67628803F6A004CBFD8 /* Camp.swift */ = {isa = PBXFileReference; lastKnownFileType = sourcecode.swift; path = Camp.swift; sourceTree = "<group>"; };
		5CB0C67828803FD4004CBFD8 /* GobGobModel.swift */ = {isa = PBXFileReference; lastKnownFileType = sourcecode.swift; path = GobGobModel.swift; sourceTree = "<group>"; };
		5CB0C67A28804024004CBFD8 /* HandModel.swift */ = {isa = PBXFileReference; lastKnownFileType = sourcecode.swift; path = HandModel.swift; sourceTree = "<group>"; };
/* End PBXFileReference section */

/* Begin PBXFrameworksBuildPhase section */
		5C4E26AA287C5E2A00ACE4CB /* Frameworks */ = {
			isa = PBXFrameworksBuildPhase;
			buildActionMask = 2147483647;
			files = (
			);
			runOnlyForDeploymentPostprocessing = 0;
		};
/* End PBXFrameworksBuildPhase section */

/* Begin PBXGroup section */
		5C4E26A4287C5E2A00ACE4CB = {
			isa = PBXGroup;
			children = (
				5C4E26AF287C5E2A00ACE4CB /* GobGob */,
				5C4E26AE287C5E2A00ACE4CB /* Products */,
			);
			sourceTree = "<group>";
		};
		5C4E26AE287C5E2A00ACE4CB /* Products */ = {
			isa = PBXGroup;
			children = (
				5C4E26AD287C5E2A00ACE4CB /* GobGob.app */,
			);
			name = Products;
			sourceTree = "<group>";
		};
		5C4E26AF287C5E2A00ACE4CB /* GobGob */ = {
			isa = PBXGroup;
			children = (
				5C4E26B0287C5E2A00ACE4CB /* GobGobApp.swift */,
				5C4E26B2287C5E2A00ACE4CB /* ContentView.swift */,
				5CB0C67028803F1B004CBFD8 /* Piece.swift */,
				5CB0C67228803F34004CBFD8 /* PieceList.swift */,
				5CB0C67428803F40004CBFD8 /* Size.swift */,
				5CB0C67628803F6A004CBFD8 /* Camp.swift */,
				5CB0C67828803FD4004CBFD8 /* GobGobModel.swift */,
				5CB0C67A28804024004CBFD8 /* HandModel.swift */,
				5C4E26B4287C5E2B00ACE4CB /* Assets.xcassets */,
				5C4E26B6287C5E2B00ACE4CB /* Preview Content */,
			);
			path = GobGob;
			sourceTree = "<group>";
		};
		5C4E26B6287C5E2B00ACE4CB /* Preview Content */ = {
			isa = PBXGroup;
			children = (
				5C4E26B7287C5E2B00ACE4CB /* Preview Assets.xcassets */,
			);
			path = "Preview Content";
			sourceTree = "<group>";
		};
/* End PBXGroup section */

/* Begin PBXNativeTarget section */
		5C4E26AC287C5E2A00ACE4CB /* GobGob */ = {
			isa = PBXNativeTarget;
			buildConfigurationList = 5C4E26BB287C5E2B00ACE4CB /* Build configuration list for PBXNativeTarget "GobGob" */;
			buildPhases = (
				5C4E26A9287C5E2A00ACE4CB /* Sources */,
				5C4E26AA287C5E2A00ACE4CB /* Frameworks */,
				5C4E26AB287C5E2A00ACE4CB /* Resources */,
			);
			buildRules = (
			);
			dependencies = (
			);
			name = GobGob;
			productName = GobGob;
			productReference = 5C4E26AD287C5E2A00ACE4CB /* GobGob.app */;
			productType = "com.apple.product-type.application";
		};
/* End PBXNativeTarget section */

/* Begin PBXProject section */
		5C4E26A5287C5E2A00ACE4CB /* Project object */ = {
			isa = PBXProject;
			attributes = {
				BuildIndependentTargetsInParallel = 1;
				LastSwiftUpdateCheck = 1330;
				LastUpgradeCheck = 1330;
				TargetAttributes = {
					5C4E26AC287C5E2A00ACE4CB = {
						CreatedOnToolsVersion = 13.3;
					};
				};
			};
			buildConfigurationList = 5C4E26A8287C5E2A00ACE4CB /* Build configuration list for PBXProject "GobGob" */;
			compatibilityVersion = "Xcode 13.0";
			developmentRegion = en;
			hasScannedForEncodings = 0;
			knownRegions = (
				en,
				Base,
			);
			mainGroup = 5C4E26A4287C5E2A00ACE4CB;
			productRefGroup = 5C4E26AE287C5E2A00ACE4CB /* Products */;
			projectDirPath = "";
			projectRoot = "";
			targets = (
				5C4E26AC287C5E2A00ACE4CB /* GobGob */,
			);
		};
/* End PBXProject section */

/* Begin PBXResourcesBuildPhase section */
		5C4E26AB287C5E2A00ACE4CB /* Resources */ = {
			isa = PBXResourcesBuildPhase;
			buildActionMask = 2147483647;
			files = (
				5C4E26B8287C5E2B00ACE4CB /* Preview Assets.xcassets in Resources */,
				5C4E26B5287C5E2B00ACE4CB /* Assets.xcassets in Resources */,
			);
			runOnlyForDeploymentPostprocessing = 0;
		};
/* End PBXResourcesBuildPhase section */

/* Begin PBXSourcesBuildPhase section */
		5C4E26A9287C5E2A00ACE4CB /* Sources */ = {
			isa = PBXSourcesBuildPhase;
			buildActionMask = 2147483647;
			files = (
				5CB0C67328803F34004CBFD8 /* PieceList.swift in Sources */,
				5CB0C67528803F40004CBFD8 /* Size.swift in Sources */,
				5C4E26B3287C5E2A00ACE4CB /* ContentView.swift in Sources */,
				5CB0C67928803FD4004CBFD8 /* GobGobModel.swift in Sources */,
				5C4E26B1287C5E2A00ACE4CB /* GobGobApp.swift in Sources */,
				5CB0C67728803F6A004CBFD8 /* Camp.swift in Sources */,
				5CB0C67B28804024004CBFD8 /* HandModel.swift in Sources */,
				5CB0C67128803F1B004CBFD8 /* Piece.swift in Sources */,
			);
			runOnlyForDeploymentPostprocessing = 0;
		};
/* End PBXSourcesBuildPhase section */

/* Begin XCBuildConfiguration section */
		5C4E26B9287C5E2B00ACE4CB /* Debug */ = {
			isa = XCBuildConfiguration;
			buildSettings = {
				ALWAYS_SEARCH_USER_PATHS = NO;
				CLANG_ANALYZER_NONNULL = YES;
				CLANG_ANALYZER_NUMBER_OBJECT_CONVERSION = YES_AGGRESSIVE;
				CLANG_CXX_LANGUAGE_STANDARD = "gnu++17";
				CLANG_ENABLE_MODULES = YES;
				CLANG_ENABLE_OBJC_ARC = YES;
				CLANG_ENABLE_OBJC_WEAK = YES;
				CLANG_WARN_BLOCK_CAPTURE_AUTORELEASING = YES;
				CLANG_WARN_BOOL_CONVERSION = YES;
				CLANG_WARN_COMMA = YES;
				CLANG_WARN_CONSTANT_CONVERSION = YES;
				CLANG_WARN_DEPRECATED_OBJC_IMPLEMENTATIONS = YES;
				CLANG_WARN_DIRECT_OBJC_ISA_USAGE = YES_ERROR;
				CLANG_WARN_DOCUMENTATION_COMMENTS = YES;
				CLANG_WARN_EMPTY_BODY = YES;
				CLANG_WARN_ENUM_CONVERSION = YES;
				CLANG_WARN_INFINITE_RECURSION = YES;
				CLANG_WARN_INT_CONVERSION = YES;
				CLANG_WARN_NON_LITERAL_NULL_CONVERSION = YES;
				CLANG_WARN_OBJC_IMPLICIT_RETAIN_SELF = YES;
				CLANG_WARN_OBJC_LITERAL_CONVERSION = YES;
				CLANG_WARN_OBJC_ROOT_CLASS = YES_ERROR;
				CLANG_WARN_QUOTED_INCLUDE_IN_FRAMEWORK_HEADER = YES;
				CLANG_WARN_RANGE_LOOP_ANALYSIS = YES;
				CLANG_WARN_STRICT_PROTOTYPES = YES;
				CLANG_WARN_SUSPICIOUS_MOVE = YES;
				CLANG_WARN_UNGUARDED_AVAILABILITY = YES_AGGRESSIVE;
				CLANG_WARN_UNREACHABLE_CODE = YES;
				CLANG_WARN__DUPLICATE_METHOD_MATCH = YES;
				COPY_PHASE_STRIP = NO;
				DEBUG_INFORMATION_FORMAT = dwarf;
				ENABLE_STRICT_OBJC_MSGSEND = YES;
				ENABLE_TESTABILITY = YES;
				GCC_C_LANGUAGE_STANDARD = gnu11;
				GCC_DYNAMIC_NO_PIC = NO;
				GCC_NO_COMMON_BLOCKS = YES;
				GCC_OPTIMIZATION_LEVEL = 0;
				GCC_PREPROCESSOR_DEFINITIONS = (
					"DEBUG=1",
					"$(inherited)",
				);
				GCC_WARN_64_TO_32_BIT_CONVERSION = YES;
				GCC_WARN_ABOUT_RETURN_TYPE = YES_ERROR;
				GCC_WARN_UNDECLARED_SELECTOR = YES;
				GCC_WARN_UNINITIALIZED_AUTOS = YES_AGGRESSIVE;
				GCC_WARN_UNUSED_FUNCTION = YES;
				GCC_WARN_UNUSED_VARIABLE = YES;
				IPHONEOS_DEPLOYMENT_TARGET = 15.4;
				MTL_ENABLE_DEBUG_INFO = INCLUDE_SOURCE;
				MTL_FAST_MATH = YES;
				ONLY_ACTIVE_ARCH = YES;
				SDKROOT = iphoneos;
				SWIFT_ACTIVE_COMPILATION_CONDITIONS = DEBUG;
				SWIFT_OPTIMIZATION_LEVEL = "-Onone";
			};
			name = Debug;
		};
		5C4E26BA287C5E2B00ACE4CB /* Release */ = {
			isa = XCBuildConfiguration;
			buildSettings = {
				ALWAYS_SEARCH_USER_PATHS = NO;
				CLANG_ANALYZER_NONNULL = YES;
				CLANG_ANALYZER_NUMBER_OBJECT_CONVERSION = YES_AGGRESSIVE;
				CLANG_CXX_LANGUAGE_STANDARD = "gnu++17";
				CLANG_ENABLE_MODULES = YES;
				CLANG_ENABLE_OBJC_ARC = YES;
				CLANG_ENABLE_OBJC_WEAK = YES;
				CLANG_WARN_BLOCK_CAPTURE_AUTORELEASING = YES;
				CLANG_WARN_BOOL_CONVERSION = YES;
				CLANG_WARN_COMMA = YES;
				CLANG_WARN_CONSTANT_CONVERSION = YES;
				CLANG_WARN_DEPRECATED_OBJC_IMPLEMENTATIONS = YES;
				CLANG_WARN_DIRECT_OBJC_ISA_USAGE = YES_ERROR;
				CLANG_WARN_DOCUMENTATION_COMMENTS = YES;
				CLANG_WARN_EMPTY_BODY = YES;
				CLANG_WARN_ENUM_CONVERSION = YES;
				CLANG_WARN_INFINITE_RECURSION = YES;
				CLANG_WARN_INT_CONVERSION = YES;
				CLANG_WARN_NON_LITERAL_NULL_CONVERSION = YES;
				CLANG_WARN_OBJC_IMPLICIT_RETAIN_SELF = YES;
				CLANG_WARN_OBJC_LITERAL_CONVERSION = YES;
				CLANG_WARN_OBJC_ROOT_CLASS = YES_ERROR;
				CLANG_WARN_QUOTED_INCLUDE_IN_FRAMEWORK_HEADER = YES;
				CLANG_WARN_RANGE_LOOP_ANALYSIS = YES;
				CLANG_WARN_STRICT_PROTOTYPES = YES;
				CLANG_WARN_SUSPICIOUS_MOVE = YES;
				CLANG_WARN_UNGUARDED_AVAILABILITY = YES_AGGRESSIVE;
				CLANG_WARN_UNREACHABLE_CODE = YES;
				CLANG_WARN__DUPLICATE_METHOD_MATCH = YES;
				COPY_PHASE_STRIP = NO;
				DEBUG_INFORMATION_FORMAT = "dwarf-with-dsym";
				ENABLE_NS_ASSERTIONS = NO;
				ENABLE_STRICT_OBJC_MSGSEND = YES;
				GCC_C_LANGUAGE_STANDARD = gnu11;
				GCC_NO_COMMON_BLOCKS = YES;
				GCC_WARN_64_TO_32_BIT_CONVERSION = YES;
				GCC_WARN_ABOUT_RETURN_TYPE = YES_ERROR;
				GCC_WARN_UNDECLARED_SELECTOR = YES;
				GCC_WARN_UNINITIALIZED_AUTOS = YES_AGGRESSIVE;
				GCC_WARN_UNUSED_FUNCTION = YES;
				GCC_WARN_UNUSED_VARIABLE = YES;
				IPHONEOS_DEPLOYMENT_TARGET = 15.4;
				MTL_ENABLE_DEBUG_INFO = NO;
				MTL_FAST_MATH = YES;
				SDKROOT = iphoneos;
				SWIFT_COMPILATION_MODE = wholemodule;
				SWIFT_OPTIMIZATION_LEVEL = "-O";
				VALIDATE_PRODUCT = YES;
			};
			name = Release;
		};
		5C4E26BC287C5E2B00ACE4CB /* Debug */ = {
			isa = XCBuildConfiguration;
			buildSettings = {
				ASSETCATALOG_COMPILER_APPICON_NAME = AppIcon;
				ASSETCATALOG_COMPILER_GLOBAL_ACCENT_COLOR_NAME = AccentColor;
				CODE_SIGN_STYLE = Automatic;
				CURRENT_PROJECT_VERSION = 1;
				DEVELOPMENT_ASSET_PATHS = "\"GobGob/Preview Content\"";
				DEVELOPMENT_TEAM = 8SARQFUQQA;
				ENABLE_PREVIEWS = YES;
				GENERATE_INFOPLIST_FILE = YES;
				INFOPLIST_KEY_UIApplicationSceneManifest_Generation = YES;
				INFOPLIST_KEY_UIApplicationSupportsIndirectInputEvents = YES;
				INFOPLIST_KEY_UILaunchScreen_Generation = YES;
				INFOPLIST_KEY_UISupportedInterfaceOrientations_iPad = "UIInterfaceOrientationPortrait UIInterfaceOrientationPortraitUpsideDown UIInterfaceOrientationLandscapeLeft UIInterfaceOrientationLandscapeRight";
				INFOPLIST_KEY_UISupportedInterfaceOrientations_iPhone = "UIInterfaceOrientationPortrait UIInterfaceOrientationLandscapeLeft UIInterfaceOrientationLandscapeRight";
				LD_RUNPATH_SEARCH_PATHS = (
					"$(inherited)",
					"@executable_path/Frameworks",
				);
				MARKETING_VERSION = 1.0;
				PRODUCT_BUNDLE_IDENTIFIER = taisei.GobGob;
				PRODUCT_NAME = "$(TARGET_NAME)";
				SWIFT_EMIT_LOC_STRINGS = YES;
				SWIFT_VERSION = 5.0;
				TARGETED_DEVICE_FAMILY = "1,2";
			};
			name = Debug;
		};
		5C4E26BD287C5E2B00ACE4CB /* Release */ = {
			isa = XCBuildConfiguration;
			buildSettings = {
				ASSETCATALOG_COMPILER_APPICON_NAME = AppIcon;
				ASSETCATALOG_COMPILER_GLOBAL_ACCENT_COLOR_NAME = AccentColor;
				CODE_SIGN_STYLE = Automatic;
				CURRENT_PROJECT_VERSION = 1;
				DEVELOPMENT_ASSET_PATHS = "\"GobGob/Preview Content\"";
				DEVELOPMENT_TEAM = 8SARQFUQQA;
				ENABLE_PREVIEWS = YES;
				GENERATE_INFOPLIST_FILE = YES;
				INFOPLIST_KEY_UIApplicationSceneManifest_Generation = YES;
				INFOPLIST_KEY_UIApplicationSupportsIndirectInputEvents = YES;
				INFOPLIST_KEY_UILaunchScreen_Generation = YES;
				INFOPLIST_KEY_UISupportedInterfaceOrientations_iPad = "UIInterfaceOrientationPortrait UIInterfaceOrientationPortraitUpsideDown UIInterfaceOrientationLandscapeLeft UIInterfaceOrientationLandscapeRight";
				INFOPLIST_KEY_UISupportedInterfaceOrientations_iPhone = "UIInterfaceOrientationPortrait UIInterfaceOrientationLandscapeLeft UIInterfaceOrientationLandscapeRight";
				LD_RUNPATH_SEARCH_PATHS = (
					"$(inherited)",
					"@executable_path/Frameworks",
				);
				MARKETING_VERSION = 1.0;
				PRODUCT_BUNDLE_IDENTIFIER = taisei.GobGob;
				PRODUCT_NAME = "$(TARGET_NAME)";
				SWIFT_EMIT_LOC_STRINGS = YES;
				SWIFT_VERSION = 5.0;
				TARGETED_DEVICE_FAMILY = "1,2";
			};
			name = Release;
		};
/* End XCBuildConfiguration section */

/* Begin XCConfigurationList section */
		5C4E26A8287C5E2A00ACE4CB /* Build configuration list for PBXProject "GobGob" */ = {
			isa = XCConfigurationList;
			buildConfigurations = (
				5C4E26B9287C5E2B00ACE4CB /* Debug */,
				5C4E26BA287C5E2B00ACE4CB /* Release */,
			);
			defaultConfigurationIsVisible = 0;
			defaultConfigurationName = Release;
		};
		5C4E26BB287C5E2B00ACE4CB /* Build configuration list for PBXNativeTarget "GobGob" */ = {
			isa = XCConfigurationList;
			buildConfigurations = (
				5C4E26BC287C5E2B00ACE4CB /* Debug */,
				5C4E26BD287C5E2B00ACE4CB /* Release */,
			);
			defaultConfigurationIsVisible = 0;
			defaultConfigurationName = Release;
		};
/* End XCConfigurationList section */
	};
	rootObject = 5C4E26A5287C5E2A00ACE4CB /* Project object */;
}
